
Microsoft Visual Studio Solution File, Format Version 12.00
# Visual Studio Version 17
VisualStudioVersion = 17.8.34322.80
MinimumVisualStudioVersion = 10.0.40219.1
Project("{FAE04EC0-301F-11D3-BF4B-00C04F79EFBC}") = "Recipes", "Recipes\Recipes.csproj", "{3F9EA0D5-1E01-494F-A349-C135ED75A186}"
EndProject
Global
	GlobalSection(SolutionConfigurationPlatforms) = preSolution
		Debug|Any CPU = Debug|Any CPU
		Release|Any CPU = Release|Any CPU
	EndGlobalSection
	GlobalSection(ProjectConfigurationPlatforms) = postSolution
		{3F9EA0D5-1E01-494F-A349-C135ED75A186}.Debug|Any CPU.ActiveCfg = Debug|Any CPU
		{3F9EA0D5-1E01-494F-A349-C135ED75A186}.Debug|Any CPU.Build.0 = Debug|Any CPU
		{3F9EA0D5-1E01-494F-A349-C135ED75A186}.Release|Any CPU.ActiveCfg = Release|Any CPU
		{3F9EA0D5-1E01-494F-A349-C135ED75A186}.Release|Any CPU.Build.0 = Release|Any CPU
	EndGlobalSection
	GlobalSection(SolutionProperties) = preSolution
		HideSolutionNode = FALSE
	EndGlobalSection
	GlobalSection(ExtensibilityGlobals) = postSolution
		SolutionGuid = {1922E38E-7777-474A-A9F1-818BD1F337F6}
	EndGlobalSection
EndGlobal
